
Microsoft Visual Studio Solution File, Format Version 12.00
# Visual Studio Version 17
VisualStudioVersion = 17.8.34316.72
MinimumVisualStudioVersion = 10.0.40219.1
Project("{9A19103F-16F7-4668-BE54-9A1E7A4F7556}") = "LessonTool.UI.WebApp", "LessonTool.UI.WebApp\LessonTool.UI.WebApp.csproj", "{B5F2D004-B19E-409D-82D2-BC5B305A63C8}"
	ProjectSection(ProjectDependencies) = postProject
		{29E2B9CC-9A1E-4462-BF73-98C253003E5B} = {29E2B9CC-9A1E-4462-BF73-98C253003E5B}
		{A0C5E9DE-C24F-4EEE-982B-20DD4B97D35C} = {A0C5E9DE-C24F-4EEE-982B-20DD4B97D35C}
		{E0F7B711-CECB-4C4A-B8E9-87CFFEE299D5} = {E0F7B711-CECB-4C4A-B8E9-87CFFEE299D5}
	EndProjectSection
EndProject
Project("{9A19103F-16F7-4668-BE54-9A1E7A4F7556}") = "LessonTool.Common.Domain", "LessonTool.Common.Domain\LessonTool.Common.Domain.csproj", "{29E2B9CC-9A1E-4462-BF73-98C253003E5B}"
EndProject
Project("{9A19103F-16F7-4668-BE54-9A1E7A4F7556}") = "LessonTool.UI.Infrastructure", "LessonTool.UI.Infrastructure\LessonTool.UI.Infrastructure.csproj", "{A0C5E9DE-C24F-4EEE-982B-20DD4B97D35C}"
	ProjectSection(ProjectDependencies) = postProject
		{29E2B9CC-9A1E-4462-BF73-98C253003E5B} = {29E2B9CC-9A1E-4462-BF73-98C253003E5B}
	EndProjectSection
EndProject
Project("{9A19103F-16F7-4668-BE54-9A1E7A4F7556}") = "LessonTool.UI.Application", "LessonTool.UI.Application\LessonTool.UI.Application.csproj", "{E0F7B711-CECB-4C4A-B8E9-87CFFEE299D5}"
	ProjectSection(ProjectDependencies) = postProject
		{29E2B9CC-9A1E-4462-BF73-98C253003E5B} = {29E2B9CC-9A1E-4462-BF73-98C253003E5B}
		{A0C5E9DE-C24F-4EEE-982B-20DD4B97D35C} = {A0C5E9DE-C24F-4EEE-982B-20DD4B97D35C}
	EndProjectSection
EndProject
Project("{9A19103F-16F7-4668-BE54-9A1E7A4F7556}") = "LessonTool.API.Endpoint", "LessonTool.API.Endpoint\LessonTool.API.Endpoint.csproj", "{BE7C9586-C8C6-4E1D-94A3-8C774173E8F0}"
	ProjectSection(ProjectDependencies) = postProject
		{29E2B9CC-9A1E-4462-BF73-98C253003E5B} = {29E2B9CC-9A1E-4462-BF73-98C253003E5B}
		{70517EAC-8140-4A08-94BF-EAAEA06EAEA0} = {70517EAC-8140-4A08-94BF-EAAEA06EAEA0}
	EndProjectSection
EndProject
Project("{9A19103F-16F7-4668-BE54-9A1E7A4F7556}") = "LessonTool.API.Infrastructure", "LessonTool.API.Infrastructure\LessonTool.API.Infrastructure.csproj", "{70517EAC-8140-4A08-94BF-EAAEA06EAEA0}"
	ProjectSection(ProjectDependencies) = postProject
		{29E2B9CC-9A1E-4462-BF73-98C253003E5B} = {29E2B9CC-9A1E-4462-BF73-98C253003E5B}
	EndProjectSection
EndProject
Project("{FAE04EC0-301F-11D3-BF4B-00C04F79EFBC}") = "Lessontool.API.Authentication", "Lessontool.API.Authentication\Lessontool.API.Authentication.csproj", "{700D5149-41F3-4F08-8E48-A24B41F17663}"
EndProject
Global
	GlobalSection(SolutionConfigurationPlatforms) = preSolution
		Debug|Any CPU = Debug|Any CPU
		Release|Any CPU = Release|Any CPU
	EndGlobalSection
	GlobalSection(ProjectConfigurationPlatforms) = postSolution
		{B5F2D004-B19E-409D-82D2-BC5B305A63C8}.Debug|Any CPU.ActiveCfg = Debug|Any CPU
		{B5F2D004-B19E-409D-82D2-BC5B305A63C8}.Debug|Any CPU.Build.0 = Debug|Any CPU
		{B5F2D004-B19E-409D-82D2-BC5B305A63C8}.Release|Any CPU.ActiveCfg = Release|Any CPU
		{B5F2D004-B19E-409D-82D2-BC5B305A63C8}.Release|Any CPU.Build.0 = Release|Any CPU
		{29E2B9CC-9A1E-4462-BF73-98C253003E5B}.Debug|Any CPU.ActiveCfg = Debug|Any CPU
		{29E2B9CC-9A1E-4462-BF73-98C253003E5B}.Debug|Any CPU.Build.0 = Debug|Any CPU
		{29E2B9CC-9A1E-4462-BF73-98C253003E5B}.Release|Any CPU.ActiveCfg = Release|Any CPU
		{29E2B9CC-9A1E-4462-BF73-98C253003E5B}.Release|Any CPU.Build.0 = Release|Any CPU
		{A0C5E9DE-C24F-4EEE-982B-20DD4B97D35C}.Debug|Any CPU.ActiveCfg = Debug|Any CPU
		{A0C5E9DE-C24F-4EEE-982B-20DD4B97D35C}.Debug|Any CPU.Build.0 = Debug|Any CPU
		{A0C5E9DE-C24F-4EEE-982B-20DD4B97D35C}.Release|Any CPU.ActiveCfg = Release|Any CPU
		{A0C5E9DE-C24F-4EEE-982B-20DD4B97D35C}.Release|Any CPU.Build.0 = Release|Any CPU
		{E0F7B711-CECB-4C4A-B8E9-87CFFEE299D5}.Debug|Any CPU.ActiveCfg = Debug|Any CPU
		{E0F7B711-CECB-4C4A-B8E9-87CFFEE299D5}.Debug|Any CPU.Build.0 = Debug|Any CPU
		{E0F7B711-CECB-4C4A-B8E9-87CFFEE299D5}.Release|Any CPU.ActiveCfg = Release|Any CPU
		{E0F7B711-CECB-4C4A-B8E9-87CFFEE299D5}.Release|Any CPU.Build.0 = Release|Any CPU
		{BE7C9586-C8C6-4E1D-94A3-8C774173E8F0}.Debug|Any CPU.ActiveCfg = Debug|Any CPU
		{BE7C9586-C8C6-4E1D-94A3-8C774173E8F0}.Debug|Any CPU.Build.0 = Debug|Any CPU
		{BE7C9586-C8C6-4E1D-94A3-8C774173E8F0}.Release|Any CPU.ActiveCfg = Release|Any CPU
		{BE7C9586-C8C6-4E1D-94A3-8C774173E8F0}.Release|Any CPU.Build.0 = Release|Any CPU
		{70517EAC-8140-4A08-94BF-EAAEA06EAEA0}.Debug|Any CPU.ActiveCfg = Debug|Any CPU
		{70517EAC-8140-4A08-94BF-EAAEA06EAEA0}.Debug|Any CPU.Build.0 = Debug|Any CPU
		{70517EAC-8140-4A08-94BF-EAAEA06EAEA0}.Release|Any CPU.ActiveCfg = Release|Any CPU
		{70517EAC-8140-4A08-94BF-EAAEA06EAEA0}.Release|Any CPU.Build.0 = Release|Any CPU
		{700D5149-41F3-4F08-8E48-A24B41F17663}.Debug|Any CPU.ActiveCfg = Debug|Any CPU
		{700D5149-41F3-4F08-8E48-A24B41F17663}.Debug|Any CPU.Build.0 = Debug|Any CPU
		{700D5149-41F3-4F08-8E48-A24B41F17663}.Release|Any CPU.ActiveCfg = Release|Any CPU
		{700D5149-41F3-4F08-8E48-A24B41F17663}.Release|Any CPU.Build.0 = Release|Any CPU
	EndGlobalSection
	GlobalSection(SolutionProperties) = preSolution
		HideSolutionNode = FALSE
	EndGlobalSection
	GlobalSection(ExtensibilityGlobals) = postSolution
		SolutionGuid = {F81D218B-2010-45C6-BCF7-FE08E41FEE44}
	EndGlobalSection
EndGlobal
